<?xml version="1.0" encoding="utf-8"?>
<Project ToolsVersion="4.0" xmlns="http://schemas.microsoft.com/developer/msbuild/2003">
  <ItemGroup>
    <ClCompile Include="src\ofApp.cpp">
      <Filter>src</Filter>
    </ClCompile>
    <ClCompile Include="src\main.cpp">
      <Filter>src</Filter>
    </ClCompile>
    <ClCompile Include="src\Boid.cpp">
      <Filter>src</Filter>
    </ClCompile>
    <ClCompile Include="src\Kinematic.cpp">
      <Filter>src</Filter>
    </ClCompile>
    <ClCompile Include="src\Steering\BasicKinematicSteering.cpp">
      <Filter>src\Steering</Filter>
    </ClCompile>
    <ClCompile Include="src\Steering\Steering.cpp">
      <Filter>src\Steering</Filter>
    </ClCompile>
    <ClCompile Include="src\Notation\Notation.cpp">
      <Filter>src\Notation</Filter>
    </ClCompile>
    <ClCompile Include="src\Steering\SeekSteering.cpp">
      <Filter>src\Steering</Filter>
    </ClCompile>
    <ClCompile Include="src\Scene.cpp">
      <Filter>src</Filter>
    </ClCompile>
    <ClCompile Include="src\Steering\WanderSteering.cpp">
      <Filter>src\Steering</Filter>
    </ClCompile>
    <ClCompile Include="src\Steering\ArriveSteering.cpp">
      <Filter>src\Steering</Filter>
    </ClCompile>
    <ClCompile Include="src\Steering\ComplexSteering\SeekArrive.cpp">
      <Filter>src\Steering\ComplexSteering</Filter>
    </ClCompile>
    <ClCompile Include="src\Steering\AlignSteering.cpp">
      <Filter>src\Steering</Filter>
    </ClCompile>
    <ClCompile Include="src\Steering\ComplexSteering\Flocking.cpp">
      <Filter>src\Steering\ComplexSteering</Filter>
    </ClCompile>
    <ClCompile Include="src\Steering\SeperationSteering.cpp">
      <Filter>src\Steering</Filter>
    </ClCompile>
    <ClCompile Include="src\Graph\Graph.cpp">
      <Filter>src\Graph</Filter>
    </ClCompile>
  </ItemGroup>
  <ItemGroup>
    <Filter Include="src">
      <UniqueIdentifier>{d8376475-7454-4a24-b08a-aac121d3ad6f}</UniqueIdentifier>
    </Filter>
    <Filter Include="src\Steering">
      <UniqueIdentifier>{d9ec58ca-1144-41da-9ee1-7deafeed7279}</UniqueIdentifier>
    </Filter>
    <Filter Include="src\Notation">
      <UniqueIdentifier>{e60035ae-9553-4814-92d3-9258b0704e84}</UniqueIdentifier>
    </Filter>
    <Filter Include="src\Steering\ComplexSteering">
      <UniqueIdentifier>{cf7a6243-9fb0-4040-bba1-f339e39d510c}</UniqueIdentifier>
    </Filter>
    <Filter Include="src\Graph">
      <UniqueIdentifier>{1dfb4489-b997-47d5-9a22-e87589948bf4}</UniqueIdentifier>
    </Filter>
  </ItemGroup>
  <ItemGroup>
    <ClInclude Include="src\ofApp.h">
      <Filter>src</Filter>
    </ClInclude>
    <ClInclude Include="src\Boid.h">
      <Filter>src</Filter>
    </ClInclude>
    <ClInclude Include="src\Kinematic.h">
      <Filter>src</Filter>
    </ClInclude>
    <ClInclude Include="src\Steering\BasicKinematicSteering.h">
      <Filter>src\Steering</Filter>
    </ClInclude>
    <ClInclude Include="src\Steering\Steering.h">
      <Filter>src\Steering</Filter>
    </ClInclude>
    <ClInclude Include="src\Notation\Notation.h">
      <Filter>src\Notation</Filter>
    </ClInclude>
    <ClInclude Include="Manager.hpp">
      <Filter>src</Filter>
    </ClInclude>
    <ClInclude Include="src\Steering\SeekSteering.h">
      <Filter>src\Steering</Filter>
    </ClInclude>
    <ClInclude Include="src\Scene.h">
      <Filter>src</Filter>
    </ClInclude>
    <ClInclude Include="src\Steering\WanderSteering.h">
      <Filter>src\Steering</Filter>
    </ClInclude>
    <ClInclude Include="src\Steering\ArriveSteering.h">
      <Filter>src\Steering</Filter>
    </ClInclude>
    <ClInclude Include="src\Steering\ComplexSteering\SeekArrive.h">
      <Filter>src\Steering\ComplexSteering</Filter>
    </ClInclude>
    <ClInclude Include="src\Steering\AlignSteering.h">
      <Filter>src\Steering</Filter>
    </ClInclude>
    <ClInclude Include="src\Steering\ComplexSteering\Flocking.h">
      <Filter>src\Steering\ComplexSteering</Filter>
    </ClInclude>
    <ClInclude Include="src\Steering\SeperationSteering.h">
      <Filter>src\Steering</Filter>
    </ClInclude>
    <ClInclude Include="src\Group.h">
      <Filter>src</Filter>
    </ClInclude>
    <ClInclude Include="src\Graph\Graph.h">
      <Filter>src\Graph</Filter>
    </ClInclude>
    <ClInclude Include="src\Graph\Edge.h">
      <Filter>src\Graph</Filter>
    </ClInclude>
    <ClInclude Include="src\Graph\NodeRecord.h">
      <Filter>src\Graph</Filter>
    </ClInclude>
    <ClInclude Include="src\Graph\Node.h">
      <Filter>src\Graph</Filter>
    </ClInclude>
  </ItemGroup>
  <ItemGroup>
    <ResourceCompile Include="icon.rc" />
  </ItemGroup>
</Project>